schema: '2.0'
stages:
  visualize_data:
    cmd: python src/data_visualization.py
    deps:
    - path: data/raw/datos_clientes.csv
      hash: md5
      md5: b46a5adb5c13bc3007ad2dfe45e58430
      size: 438782
    - path: data/raw/datos_resenas.csv
      hash: md5
      md5: e3ec9eeddaab38eea998b348bcd17d94
      size: 4465568
    - path: src/data_visualization.py
      hash: md5
      md5: 590b8ac0ffb7be3c6485e0470b722e08
      size: 3333
    outs:
    - path: docs/figures/distribucion_sentimiento.png
      hash: md5
      md5: 4ea9b94f4d5388e8e5b426ba863876d6
      size: 31179
    - path: docs/figures/longitud_texto.png
      hash: md5
      md5: 70e12c6fe84399a48461f8c50ea0c0ea
      size: 24856
    - path: docs/figures/matriz_correlaciones_clientes.png
      hash: md5
      md5: b837adcf6e29b0c0ebe3d4139e262d03
      size: 32679
    - path: docs/figures/matriz_correlaciones_resenas.png
      hash: md5
      md5: 7b38229f436ad9245c29e6b9fbe37d43
      size: 44496
